<?xml version="1.0" encoding="utf-8"?>
<Project ToolsVersion="14.0" xmlns="http://schemas.microsoft.com/developer/msbuild/2003">
  <ItemGroup>
    <ClCompile Include="C:\Users\jharr\Desktop\cxx\spoofydoodle\main.cpp">
      <Filter>Source Files</Filter>
    </ClCompile>
    <ClCompile Include="C:\Users\jharr\Desktop\cxx\spoofydoodle\core\camera.cpp">
      <Filter>Source Files</Filter>
    </ClCompile>
    <ClCompile Include="C:\Users\jharr\Desktop\cxx\spoofydoodle\core\glsl_program.cpp">
      <Filter>Source Files</Filter>
    </ClCompile>
    <ClCompile Include="C:\Users\jharr\Desktop\cxx\spoofydoodle\core\window.cpp">
      <Filter>Source Files</Filter>
    </ClCompile>
    <ClCompile Include="C:\Users\jharr\Desktop\cxx\spoofydoodle\core\window_cursor.cpp">
      <Filter>Source Files</Filter>
    </ClCompile>
    <ClCompile Include="C:\Users\jharr\Desktop\cxx\spoofydoodle\core\window_keyboard.cpp">
      <Filter>Source Files</Filter>
    </ClCompile>
    <ClCompile Include="C:\Users\jharr\Desktop\cxx\spoofydoodle\console\console.cpp">
      <Filter>Source Files</Filter>
    </ClCompile>
    <ClCompile Include="C:\Users\jharr\Desktop\cxx\spoofydoodle\file_manager\BMP.cpp">
      <Filter>Source Files</Filter>
    </ClCompile>
    <ClCompile Include="C:\Users\jharr\Desktop\cxx\spoofydoodle\file_manager\file_buffer.cpp">
      <Filter>Source Files</Filter>
    </ClCompile>
    <ClCompile Include="C:\Users\jharr\Desktop\cxx\spoofydoodle\file_manager\font.cpp">
      <Filter>Source Files</Filter>
    </ClCompile>
    <ClCompile Include="C:\Users\jharr\Desktop\cxx\spoofydoodle\file_manager\objloader.cpp">
      <Filter>Source Files</Filter>
    </ClCompile>
    <ClCompile Include="C:\Users\jharr\Desktop\cxx\spoofydoodle\file_manager\texture_cache.cpp">
      <Filter>Source Files</Filter>
    </ClCompile>
  </ItemGroup>
  <ItemGroup>
    <CustomBuild Include="C:\Users\jharr\Desktop\cxx\spoofydoodle\CMakeLists.txt" />
  </ItemGroup>
  <ItemGroup>
    <Filter Include="Source Files">
      <UniqueIdentifier>{82E6F76D-1C03-3269-9DB8-5DB688CAB018}</UniqueIdentifier>
    </Filter>
    <Filter Include="Headers">
      <UniqueIdentifier>{92442d45-c5ce-410d-8cfb-5d1bcb63dda7}</UniqueIdentifier>
    </Filter>
  </ItemGroup>
  <ItemGroup>
    <ClInclude Include="..\include\BMP.h">
      <Filter>Headers</Filter>
    </ClInclude>
    <ClInclude Include="..\include\camera.h">
      <Filter>Headers</Filter>
    </ClInclude>
    <ClInclude Include="..\include\console.h">
      <Filter>Headers</Filter>
    </ClInclude>
    <ClInclude Include="..\include\file_buffer.h">
      <Filter>Headers</Filter>
    </ClInclude>
    <ClInclude Include="..\include\font.h">
      <Filter>Headers</Filter>
    </ClInclude>
    <ClInclude Include="..\include\glsl_program.h">
      <Filter>Headers</Filter>
    </ClInclude>
    <ClInclude Include="..\include\objloader.h">
      <Filter>Headers</Filter>
    </ClInclude>
    <ClInclude Include="..\include\texture.h">
      <Filter>Headers</Filter>
    </ClInclude>
    <ClInclude Include="..\include\texture_cache.h">
      <Filter>Headers</Filter>
    </ClInclude>
    <ClInclude Include="..\include\window.h">
      <Filter>Headers</Filter>
    </ClInclude>
    <ClInclude Include="..\include\window_cursor.h">
      <Filter>Headers</Filter>
    </ClInclude>
    <ClInclude Include="..\include\window_keyboard.h">
      <Filter>Headers</Filter>
    </ClInclude>
  </ItemGroup>
</Project>